{
  "name": "flurry",
  "version": "0.0.1",
  "lockfileVersion": 1,
  "requires": true,
  "dependencies": {
    "lix": {
      "version": "git+https://git@github.com/aidan63/lix.client.git#61ec0acd0f17aea01f3b73bfa625116a32e2a20f",
      "from": "git+https://git@github.com/aidan63/lix.client.git"
    }
  }
}
