{
  "name": "flurry",
  "version": "0.0.1",
  "lockfileVersion": 1,
  "requires": true,
  "dependencies": {
    "lix": {
      "version": "15.11.4",
      "resolved": "https://registry.npmjs.org/lix/-/lix-15.11.4.tgz",
      "integrity": "sha512-OVoBQu2nvFqE1nXjnVh2mHzOqP1F+c5ehtleJfHglRCnHgdWPM2aAIQFEngjEG4eqeAiw2rdQQhGQs+1Q6gO+w=="
    }
  }
}
