{
  "name": "flurry",
  "version": "0.0.1",
  "lockfileVersion": 1,
  "requires": true,
  "dependencies": {
    "lix": {
      "version": "git+https://git@github.com/aidan63/lix.client.git#617f8acdad0b039ab5786319cc63c309ba1c654f",
      "from": "git+https://git@github.com/aidan63/lix.client.git"
    }
  }
}
